
Microsoft Visual Studio Solution File, Format Version 12.00
# Visual Studio 15
VisualStudioVersion = 15.0.26124.0
MinimumVisualStudioVersion = 15.0.26124.0
Project("{2150E333-8FDC-42A3-9474-1A3956D46DE8}") = "src", "src", "{9B5347F8-00AF-4E8B-B4F2-9AB48BFA6834}"
EndProject
Project("{FAE04EC0-301F-11D3-BF4B-00C04F79EFBC}") = "GradeBook", "src\GradeBook\GradeBook.csproj", "{E753DD13-FB53-43CF-931A-C5EF55EFCFB5}"
EndProject
Project("{2150E333-8FDC-42A3-9474-1A3956D46DE8}") = "test", "test", "{1FA484AC-0CF2-4563-8220-17248BB55EBB}"
EndProject
Project("{FAE04EC0-301F-11D3-BF4B-00C04F79EFBC}") = "GradeBook.Tests", "test\GradeBook.Tests\GradeBook.Tests.csproj", "{6B60788F-5040-4797-90A3-8DE1D553698D}"
EndProject
Global
	GlobalSection(SolutionConfigurationPlatforms) = preSolution
		Debug|Any CPU = Debug|Any CPU
		Debug|x64 = Debug|x64
		Debug|x86 = Debug|x86
		Release|Any CPU = Release|Any CPU
		Release|x64 = Release|x64
		Release|x86 = Release|x86
	EndGlobalSection
	GlobalSection(SolutionProperties) = preSolution
		HideSolutionNode = FALSE
	EndGlobalSection
	GlobalSection(ProjectConfigurationPlatforms) = postSolution
		{E753DD13-FB53-43CF-931A-C5EF55EFCFB5}.Debug|Any CPU.ActiveCfg = Debug|Any CPU
		{E753DD13-FB53-43CF-931A-C5EF55EFCFB5}.Debug|Any CPU.Build.0 = Debug|Any CPU
		{E753DD13-FB53-43CF-931A-C5EF55EFCFB5}.Debug|x64.ActiveCfg = Debug|Any CPU
		{E753DD13-FB53-43CF-931A-C5EF55EFCFB5}.Debug|x64.Build.0 = Debug|Any CPU
		{E753DD13-FB53-43CF-931A-C5EF55EFCFB5}.Debug|x86.ActiveCfg = Debug|Any CPU
		{E753DD13-FB53-43CF-931A-C5EF55EFCFB5}.Debug|x86.Build.0 = Debug|Any CPU
		{E753DD13-FB53-43CF-931A-C5EF55EFCFB5}.Release|Any CPU.ActiveCfg = Release|Any CPU
		{E753DD13-FB53-43CF-931A-C5EF55EFCFB5}.Release|Any CPU.Build.0 = Release|Any CPU
		{E753DD13-FB53-43CF-931A-C5EF55EFCFB5}.Release|x64.ActiveCfg = Release|Any CPU
		{E753DD13-FB53-43CF-931A-C5EF55EFCFB5}.Release|x64.Build.0 = Release|Any CPU
		{E753DD13-FB53-43CF-931A-C5EF55EFCFB5}.Release|x86.ActiveCfg = Release|Any CPU
		{E753DD13-FB53-43CF-931A-C5EF55EFCFB5}.Release|x86.Build.0 = Release|Any CPU
		{6B60788F-5040-4797-90A3-8DE1D553698D}.Debug|Any CPU.ActiveCfg = Debug|Any CPU
		{6B60788F-5040-4797-90A3-8DE1D553698D}.Debug|Any CPU.Build.0 = Debug|Any CPU
		{6B60788F-5040-4797-90A3-8DE1D553698D}.Debug|x64.ActiveCfg = Debug|Any CPU
		{6B60788F-5040-4797-90A3-8DE1D553698D}.Debug|x64.Build.0 = Debug|Any CPU
		{6B60788F-5040-4797-90A3-8DE1D553698D}.Debug|x86.ActiveCfg = Debug|Any CPU
		{6B60788F-5040-4797-90A3-8DE1D553698D}.Debug|x86.Build.0 = Debug|Any CPU
		{6B60788F-5040-4797-90A3-8DE1D553698D}.Release|Any CPU.ActiveCfg = Release|Any CPU
		{6B60788F-5040-4797-90A3-8DE1D553698D}.Release|Any CPU.Build.0 = Release|Any CPU
		{6B60788F-5040-4797-90A3-8DE1D553698D}.Release|x64.ActiveCfg = Release|Any CPU
		{6B60788F-5040-4797-90A3-8DE1D553698D}.Release|x64.Build.0 = Release|Any CPU
		{6B60788F-5040-4797-90A3-8DE1D553698D}.Release|x86.ActiveCfg = Release|Any CPU
		{6B60788F-5040-4797-90A3-8DE1D553698D}.Release|x86.Build.0 = Release|Any CPU
	EndGlobalSection
	GlobalSection(NestedProjects) = preSolution
		{E753DD13-FB53-43CF-931A-C5EF55EFCFB5} = {9B5347F8-00AF-4E8B-B4F2-9AB48BFA6834}
		{6B60788F-5040-4797-90A3-8DE1D553698D} = {1FA484AC-0CF2-4563-8220-17248BB55EBB}
	EndGlobalSection
EndGlobal
